// !$*UTF8*$!
{
	archiveVersion = 1;
	classes = {
	};
	objectVersion = 56;
	objects = {

/* Begin PBXBuildFile section */
		17EEA24929B4F16600413A3F /* main.cpp in Sources */ = {isa = PBXBuildFile; fileRef = 17EEA24829B4F16600413A3F /* main.cpp */; };
		17EEA25129B4F2F100413A3F /* OpenGL.framework in Frameworks */ = {isa = PBXBuildFile; fileRef = 17EEA25029B4F2F100413A3F /* OpenGL.framework */; };
		17EEA25329B4F2FE00413A3F /* GLUT.framework in Frameworks */ = {isa = PBXBuildFile; fileRef = 17EEA25229B4F2FE00413A3F /* GLUT.framework */; };
		17EEA25629B4F9A700413A3F /* Vector3D.cpp in Sources */ = {isa = PBXBuildFile; fileRef = 17EEA25429B4F9A600413A3F /* Vector3D.cpp */; };
		17EEA25929B4FA0700413A3F /* Triangle.cpp in Sources */ = {isa = PBXBuildFile; fileRef = 17EEA25729B4FA0700413A3F /* Triangle.cpp */; };
/* End PBXBuildFile section */

/* Begin PBXCopyFilesBuildPhase section */
		17EEA24329B4F16600413A3F /* CopyFiles */ = {
			isa = PBXCopyFilesBuildPhase;
			buildActionMask = 2147483647;
			dstPath = /usr/share/man/man1/;
			dstSubfolderSpec = 0;
			files = (
			);
			runOnlyForDeploymentPostprocessing = 1;
		};
/* End PBXCopyFilesBuildPhase section */

/* Begin PBXFileReference section */
		17EEA24529B4F16600413A3F /* Lec02_Ray-Triangle_Intersection */ = {isa = PBXFileReference; explicitFileType = "compiled.mach-o.executable"; includeInIndex = 0; path = "Lec02_Ray-Triangle_Intersection"; sourceTree = BUILT_PRODUCTS_DIR; };
		17EEA24829B4F16600413A3F /* main.cpp */ = {isa = PBXFileReference; lastKnownFileType = sourcecode.cpp.cpp; path = main.cpp; sourceTree = "<group>"; };
		17EEA25029B4F2F100413A3F /* OpenGL.framework */ = {isa = PBXFileReference; lastKnownFileType = wrapper.framework; name = OpenGL.framework; path = System/Library/Frameworks/OpenGL.framework; sourceTree = SDKROOT; };
		17EEA25229B4F2FE00413A3F /* GLUT.framework */ = {isa = PBXFileReference; lastKnownFileType = wrapper.framework; name = GLUT.framework; path = System/Library/Frameworks/GLUT.framework; sourceTree = SDKROOT; };
		17EEA25429B4F9A600413A3F /* Vector3D.cpp */ = {isa = PBXFileReference; lastKnownFileType = sourcecode.cpp.cpp; path = Vector3D.cpp; sourceTree = "<group>"; };
		17EEA25529B4F9A600413A3F /* Vector3D.hpp */ = {isa = PBXFileReference; lastKnownFileType = sourcecode.cpp.h; path = Vector3D.hpp; sourceTree = "<group>"; };
		17EEA25729B4FA0700413A3F /* Triangle.cpp */ = {isa = PBXFileReference; lastKnownFileType = sourcecode.cpp.cpp; path = Triangle.cpp; sourceTree = "<group>"; };
		17EEA25829B4FA0700413A3F /* Triangle.hpp */ = {isa = PBXFileReference; lastKnownFileType = sourcecode.cpp.h; path = Triangle.hpp; sourceTree = "<group>"; };
/* End PBXFileReference section */

/* Begin PBXFrameworksBuildPhase section */
		17EEA24229B4F16600413A3F /* Frameworks */ = {
			isa = PBXFrameworksBuildPhase;
			buildActionMask = 2147483647;
			files = (
				17EEA25329B4F2FE00413A3F /* GLUT.framework in Frameworks */,
				17EEA25129B4F2F100413A3F /* OpenGL.framework in Frameworks */,
			);
			runOnlyForDeploymentPostprocessing = 0;
		};
/* End PBXFrameworksBuildPhase section */

/* Begin PBXGroup section */
		17EEA23C29B4F16600413A3F = {
			isa = PBXGroup;
			children = (
				17EEA24729B4F16600413A3F /* Lec02_Ray-Triangle_Intersection */,
				17EEA24629B4F16600413A3F /* Products */,
				17EEA24F29B4F2F100413A3F /* Frameworks */,
			);
			sourceTree = "<group>";
		};
		17EEA24629B4F16600413A3F /* Products */ = {
			isa = PBXGroup;
			children = (
				17EEA24529B4F16600413A3F /* Lec02_Ray-Triangle_Intersection */,
			);
			name = Products;
			sourceTree = "<group>";
		};
		17EEA24729B4F16600413A3F /* Lec02_Ray-Triangle_Intersection */ = {
			isa = PBXGroup;
			children = (
				17EEA25529B4F9A600413A3F /* Vector3D.hpp */,
				17EEA25429B4F9A600413A3F /* Vector3D.cpp */,
				17EEA25829B4FA0700413A3F /* Triangle.hpp */,
				17EEA25729B4FA0700413A3F /* Triangle.cpp */,
				17EEA24829B4F16600413A3F /* main.cpp */,
			);
			path = "Lec02_Ray-Triangle_Intersection";
			sourceTree = "<group>";
		};
		17EEA24F29B4F2F100413A3F /* Frameworks */ = {
			isa = PBXGroup;
			children = (
				17EEA25229B4F2FE00413A3F /* GLUT.framework */,
				17EEA25029B4F2F100413A3F /* OpenGL.framework */,
			);
			name = Frameworks;
			sourceTree = "<group>";
		};
/* End PBXGroup section */

/* Begin PBXNativeTarget section */
		17EEA24429B4F16600413A3F /* Lec02_Ray-Triangle_Intersection */ = {
			isa = PBXNativeTarget;
			buildConfigurationList = 17EEA24C29B4F16600413A3F /* Build configuration list for PBXNativeTarget "Lec02_Ray-Triangle_Intersection" */;
			buildPhases = (
				17EEA24129B4F16600413A3F /* Sources */,
				17EEA24229B4F16600413A3F /* Frameworks */,
				17EEA24329B4F16600413A3F /* CopyFiles */,
			);
			buildRules = (
			);
			dependencies = (
			);
			name = "Lec02_Ray-Triangle_Intersection";
			productName = "Lec02_Ray-Triangle_Intersection";
			productReference = 17EEA24529B4F16600413A3F /* Lec02_Ray-Triangle_Intersection */;
			productType = "com.apple.product-type.tool";
		};
/* End PBXNativeTarget section */

/* Begin PBXProject section */
		17EEA23D29B4F16600413A3F /* Project object */ = {
			isa = PBXProject;
			attributes = {
				BuildIndependentTargetsInParallel = 1;
				LastUpgradeCheck = 1420;
				TargetAttributes = {
					17EEA24429B4F16600413A3F = {
						CreatedOnToolsVersion = 14.2;
					};
				};
			};
			buildConfigurationList = 17EEA24029B4F16600413A3F /* Build configuration list for PBXProject "Lec02_Ray-Triangle_Intersection" */;
			compatibilityVersion = "Xcode 14.0";
			developmentRegion = en;
			hasScannedForEncodings = 0;
			knownRegions = (
				en,
				Base,
			);
			mainGroup = 17EEA23C29B4F16600413A3F;
			productRefGroup = 17EEA24629B4F16600413A3F /* Products */;
			projectDirPath = "";
			projectRoot = "";
			targets = (
				17EEA24429B4F16600413A3F /* Lec02_Ray-Triangle_Intersection */,
			);
		};
/* End PBXProject section */

/* Begin PBXSourcesBuildPhase section */
		17EEA24129B4F16600413A3F /* Sources */ = {
			isa = PBXSourcesBuildPhase;
			buildActionMask = 2147483647;
			files = (
				17EEA25629B4F9A700413A3F /* Vector3D.cpp in Sources */,
				17EEA25929B4FA0700413A3F /* Triangle.cpp in Sources */,
				17EEA24929B4F16600413A3F /* main.cpp in Sources */,
			);
			runOnlyForDeploymentPostprocessing = 0;
		};
/* End PBXSourcesBuildPhase section */

/* Begin XCBuildConfiguration section */
		17EEA24A29B4F16600413A3F /* Debug */ = {
			isa = XCBuildConfiguration;
			buildSettings = {
				ALWAYS_SEARCH_USER_PATHS = NO;
				CLANG_ANALYZER_NONNULL = YES;
				CLANG_ANALYZER_NUMBER_OBJECT_CONVERSION = YES_AGGRESSIVE;
				CLANG_CXX_LANGUAGE_STANDARD = "gnu++20";
				CLANG_ENABLE_MODULES = YES;
				CLANG_ENABLE_OBJC_ARC = YES;
				CLANG_ENABLE_OBJC_WEAK = YES;
				CLANG_WARN_BLOCK_CAPTURE_AUTORELEASING = YES;
				CLANG_WARN_BOOL_CONVERSION = YES;
				CLANG_WARN_COMMA = YES;
				CLANG_WARN_CONSTANT_CONVERSION = YES;
				CLANG_WARN_DEPRECATED_OBJC_IMPLEMENTATIONS = YES;
				CLANG_WARN_DIRECT_OBJC_ISA_USAGE = YES_ERROR;
				CLANG_WARN_DOCUMENTATION_COMMENTS = YES;
				CLANG_WARN_EMPTY_BODY = YES;
				CLANG_WARN_ENUM_CONVERSION = YES;
				CLANG_WARN_INFINITE_RECURSION = YES;
				CLANG_WARN_INT_CONVERSION = YES;
				CLANG_WARN_NON_LITERAL_NULL_CONVERSION = YES;
				CLANG_WARN_OBJC_IMPLICIT_RETAIN_SELF = YES;
				CLANG_WARN_OBJC_LITERAL_CONVERSION = YES;
				CLANG_WARN_OBJC_ROOT_CLASS = YES_ERROR;
				CLANG_WARN_QUOTED_INCLUDE_IN_FRAMEWORK_HEADER = YES;
				CLANG_WARN_RANGE_LOOP_ANALYSIS = YES;
				CLANG_WARN_STRICT_PROTOTYPES = YES;
				CLANG_WARN_SUSPICIOUS_MOVE = YES;
				CLANG_WARN_UNGUARDED_AVAILABILITY = YES_AGGRESSIVE;
				CLANG_WARN_UNREACHABLE_CODE = YES;
				CLANG_WARN__DUPLICATE_METHOD_MATCH = YES;
				COPY_PHASE_STRIP = NO;
				DEBUG_INFORMATION_FORMAT = dwarf;
				ENABLE_STRICT_OBJC_MSGSEND = YES;
				ENABLE_TESTABILITY = YES;
				GCC_C_LANGUAGE_STANDARD = gnu11;
				GCC_DYNAMIC_NO_PIC = NO;
				GCC_NO_COMMON_BLOCKS = YES;
				GCC_OPTIMIZATION_LEVEL = 0;
				GCC_PREPROCESSOR_DEFINITIONS = (
					"DEBUG=1",
					"$(inherited)",
				);
				GCC_WARN_64_TO_32_BIT_CONVERSION = YES;
				GCC_WARN_ABOUT_RETURN_TYPE = YES_ERROR;
				GCC_WARN_UNDECLARED_SELECTOR = YES;
				GCC_WARN_UNINITIALIZED_AUTOS = YES_AGGRESSIVE;
				GCC_WARN_UNUSED_FUNCTION = YES;
				GCC_WARN_UNUSED_VARIABLE = YES;
				MACOSX_DEPLOYMENT_TARGET = 12.6;
				MTL_ENABLE_DEBUG_INFO = INCLUDE_SOURCE;
				MTL_FAST_MATH = YES;
				ONLY_ACTIVE_ARCH = YES;
				SDKROOT = macosx;
			};
			name = Debug;
		};
		17EEA24B29B4F16600413A3F /* Release */ = {
			isa = XCBuildConfiguration;
			buildSettings = {
				ALWAYS_SEARCH_USER_PATHS = NO;
				CLANG_ANALYZER_NONNULL = YES;
				CLANG_ANALYZER_NUMBER_OBJECT_CONVERSION = YES_AGGRESSIVE;
				CLANG_CXX_LANGUAGE_STANDARD = "gnu++20";
				CLANG_ENABLE_MODULES = YES;
				CLANG_ENABLE_OBJC_ARC = YES;
				CLANG_ENABLE_OBJC_WEAK = YES;
				CLANG_WARN_BLOCK_CAPTURE_AUTORELEASING = YES;
				CLANG_WARN_BOOL_CONVERSION = YES;
				CLANG_WARN_COMMA = YES;
				CLANG_WARN_CONSTANT_CONVERSION = YES;
				CLANG_WARN_DEPRECATED_OBJC_IMPLEMENTATIONS = YES;
				CLANG_WARN_DIRECT_OBJC_ISA_USAGE = YES_ERROR;
				CLANG_WARN_DOCUMENTATION_COMMENTS = YES;
				CLANG_WARN_EMPTY_BODY = YES;
				CLANG_WARN_ENUM_CONVERSION = YES;
				CLANG_WARN_INFINITE_RECURSION = YES;
				CLANG_WARN_INT_CONVERSION = YES;
				CLANG_WARN_NON_LITERAL_NULL_CONVERSION = YES;
				CLANG_WARN_OBJC_IMPLICIT_RETAIN_SELF = YES;
				CLANG_WARN_OBJC_LITERAL_CONVERSION = YES;
				CLANG_WARN_OBJC_ROOT_CLASS = YES_ERROR;
				CLANG_WARN_QUOTED_INCLUDE_IN_FRAMEWORK_HEADER = YES;
				CLANG_WARN_RANGE_LOOP_ANALYSIS = YES;
				CLANG_WARN_STRICT_PROTOTYPES = YES;
				CLANG_WARN_SUSPICIOUS_MOVE = YES;
				CLANG_WARN_UNGUARDED_AVAILABILITY = YES_AGGRESSIVE;
				CLANG_WARN_UNREACHABLE_CODE = YES;
				CLANG_WARN__DUPLICATE_METHOD_MATCH = YES;
				COPY_PHASE_STRIP = NO;
				DEBUG_INFORMATION_FORMAT = "dwarf-with-dsym";
				ENABLE_NS_ASSERTIONS = NO;
				ENABLE_STRICT_OBJC_MSGSEND = YES;
				GCC_C_LANGUAGE_STANDARD = gnu11;
				GCC_NO_COMMON_BLOCKS = YES;
				GCC_WARN_64_TO_32_BIT_CONVERSION = YES;
				GCC_WARN_ABOUT_RETURN_TYPE = YES_ERROR;
				GCC_WARN_UNDECLARED_SELECTOR = YES;
				GCC_WARN_UNINITIALIZED_AUTOS = YES_AGGRESSIVE;
				GCC_WARN_UNUSED_FUNCTION = YES;
				GCC_WARN_UNUSED_VARIABLE = YES;
				MACOSX_DEPLOYMENT_TARGET = 12.6;
				MTL_ENABLE_DEBUG_INFO = NO;
				MTL_FAST_MATH = YES;
				SDKROOT = macosx;
			};
			name = Release;
		};
		17EEA24D29B4F16600413A3F /* Debug */ = {
			isa = XCBuildConfiguration;
			buildSettings = {
				CODE_SIGN_STYLE = Automatic;
				DEVELOPMENT_TEAM = 3B6WHMXBUD;
				ENABLE_HARDENED_RUNTIME = YES;
				PRODUCT_NAME = "$(TARGET_NAME)";
			};
			name = Debug;
		};
		17EEA24E29B4F16600413A3F /* Release */ = {
			isa = XCBuildConfiguration;
			buildSettings = {
				CODE_SIGN_STYLE = Automatic;
				DEVELOPMENT_TEAM = 3B6WHMXBUD;
				ENABLE_HARDENED_RUNTIME = YES;
				PRODUCT_NAME = "$(TARGET_NAME)";
			};
			name = Release;
		};
/* End XCBuildConfiguration section */

/* Begin XCConfigurationList section */
		17EEA24029B4F16600413A3F /* Build configuration list for PBXProject "Lec02_Ray-Triangle_Intersection" */ = {
			isa = XCConfigurationList;
			buildConfigurations = (
				17EEA24A29B4F16600413A3F /* Debug */,
				17EEA24B29B4F16600413A3F /* Release */,
			);
			defaultConfigurationIsVisible = 0;
			defaultConfigurationName = Release;
		};
		17EEA24C29B4F16600413A3F /* Build configuration list for PBXNativeTarget "Lec02_Ray-Triangle_Intersection" */ = {
			isa = XCConfigurationList;
			buildConfigurations = (
				17EEA24D29B4F16600413A3F /* Debug */,
				17EEA24E29B4F16600413A3F /* Release */,
			);
			defaultConfigurationIsVisible = 0;
			defaultConfigurationName = Release;
		};
/* End XCConfigurationList section */
	};
	rootObject = 17EEA23D29B4F16600413A3F /* Project object */;
}
